
Microsoft Visual Studio Solution File, Format Version 12.00
# Visual Studio 14
VisualStudioVersion = 14.0.23107.0
MinimumVisualStudioVersion = 10.0.40219.1
Project("{FAE04EC0-301F-11D3-BF4B-00C04F79EFBC}") = "DriverTrainingWebresourses", "DriverTrainingWebResources\DriverTrainingWebresourses.csproj", "{68670149-40FE-4EA9-A624-572B2C595F69}"
EndProject
Project("{FAE04EC0-301F-11D3-BF4B-00C04F79EFBC}") = "OrderProductPlugin", "OrderProductPlugin\OrderProductPlugin.csproj", "{56E63E6D-35E9-48B5-A549-1321610F197A}"
EndProject
Project("{FAE04EC0-301F-11D3-BF4B-00C04F79EFBC}") = "SalesOrderPlugin", "SalesOrderPlugin\SalesOrderPlugin.csproj", "{5FDC7F32-DBE5-407F-A1D7-1068B3487C45}"
EndProject
Project("{FAE04EC0-301F-11D3-BF4B-00C04F79EFBC}") = "InvoicePlugin", "InvoicePlugin\InvoicePlugin.csproj", "{CC110B30-625A-4026-A358-E09F9C7A4909}"
EndProject
Project("{FAE04EC0-301F-11D3-BF4B-00C04F79EFBC}") = "Pertemps Driver Training 2", "Pertemps Driver Training 2\Pertemps Driver Training 2.csproj", "{B7747AA4-0BF1-4DB9-8725-AC1CF5E1FDA7}"
EndProject
Project("{FAE04EC0-301F-11D3-BF4B-00C04F79EFBC}") = "FeedbackPlugin", "FeedbackPlugin\FeedbackPlugin.csproj", "{4F380E9C-3601-466F-BF58-8D3511DAB5D1}"
EndProject
Project("{FAE04EC0-301F-11D3-BF4B-00C04F79EFBC}") = "TrainerCalendarPlugin", "TrainerCalendarPlugin\TrainerCalendarPlugin.csproj", "{F612782D-68A3-4A5A-86CF-C8F8849BEB25}"
EndProject
Global
	GlobalSection(SolutionConfigurationPlatforms) = preSolution
		Debug|Any CPU = Debug|Any CPU
		Release|Any CPU = Release|Any CPU
	EndGlobalSection
	GlobalSection(ProjectConfigurationPlatforms) = postSolution
		{68670149-40FE-4EA9-A624-572B2C595F69}.Debug|Any CPU.ActiveCfg = Debug|Any CPU
		{68670149-40FE-4EA9-A624-572B2C595F69}.Release|Any CPU.ActiveCfg = Release|Any CPU
		{56E63E6D-35E9-48B5-A549-1321610F197A}.Debug|Any CPU.ActiveCfg = Debug|Any CPU
		{56E63E6D-35E9-48B5-A549-1321610F197A}.Release|Any CPU.ActiveCfg = Release|Any CPU
		{5FDC7F32-DBE5-407F-A1D7-1068B3487C45}.Debug|Any CPU.ActiveCfg = Debug|Any CPU
		{5FDC7F32-DBE5-407F-A1D7-1068B3487C45}.Release|Any CPU.ActiveCfg = Release|Any CPU
		{CC110B30-625A-4026-A358-E09F9C7A4909}.Debug|Any CPU.ActiveCfg = Debug|Any CPU
		{CC110B30-625A-4026-A358-E09F9C7A4909}.Release|Any CPU.ActiveCfg = Release|Any CPU
		{B7747AA4-0BF1-4DB9-8725-AC1CF5E1FDA7}.Debug|Any CPU.ActiveCfg = Debug|Any CPU
		{B7747AA4-0BF1-4DB9-8725-AC1CF5E1FDA7}.Release|Any CPU.ActiveCfg = Release|Any CPU
		{4F380E9C-3601-466F-BF58-8D3511DAB5D1}.Debug|Any CPU.ActiveCfg = Debug|Any CPU
		{4F380E9C-3601-466F-BF58-8D3511DAB5D1}.Debug|Any CPU.Build.0 = Debug|Any CPU
		{4F380E9C-3601-466F-BF58-8D3511DAB5D1}.Release|Any CPU.ActiveCfg = Release|Any CPU
		{4F380E9C-3601-466F-BF58-8D3511DAB5D1}.Release|Any CPU.Build.0 = Release|Any CPU
		{F612782D-68A3-4A5A-86CF-C8F8849BEB25}.Debug|Any CPU.ActiveCfg = Debug|Any CPU
		{F612782D-68A3-4A5A-86CF-C8F8849BEB25}.Debug|Any CPU.Build.0 = Debug|Any CPU
		{F612782D-68A3-4A5A-86CF-C8F8849BEB25}.Release|Any CPU.ActiveCfg = Release|Any CPU
		{F612782D-68A3-4A5A-86CF-C8F8849BEB25}.Release|Any CPU.Build.0 = Release|Any CPU
	EndGlobalSection
	GlobalSection(SolutionProperties) = preSolution
		HideSolutionNode = FALSE
	EndGlobalSection
EndGlobal
